
Microsoft Visual Studio Solution File, Format Version 12.00
# Visual Studio Version 17
VisualStudioVersion = 17.11.35327.3
MinimumVisualStudioVersion = 10.0.40219.1
Project("{FAE04EC0-301F-11D3-BF4B-00C04F79EFBC}") = "Clients", "Clients\Clients.csproj", "{78B99237-80C8-4711-B40F-FD24DB0FCE1C}"
EndProject
Global
	GlobalSection(SolutionConfigurationPlatforms) = preSolution
		Debug|Any CPU = Debug|Any CPU
		Release|Any CPU = Release|Any CPU
	EndGlobalSection
	GlobalSection(ProjectConfigurationPlatforms) = postSolution
		{78B99237-80C8-4711-B40F-FD24DB0FCE1C}.Debug|Any CPU.ActiveCfg = Debug|Any CPU
		{78B99237-80C8-4711-B40F-FD24DB0FCE1C}.Debug|Any CPU.Build.0 = Debug|Any CPU
		{78B99237-80C8-4711-B40F-FD24DB0FCE1C}.Release|Any CPU.ActiveCfg = Release|Any CPU
		{78B99237-80C8-4711-B40F-FD24DB0FCE1C}.Release|Any CPU.Build.0 = Release|Any CPU
	EndGlobalSection
	GlobalSection(SolutionProperties) = preSolution
		HideSolutionNode = FALSE
	EndGlobalSection
	GlobalSection(ExtensibilityGlobals) = postSolution
		SolutionGuid = {72CC3952-21A1-41C2-BFB1-23D121AD790A}
	EndGlobalSection
EndGlobal
